// !$*UTF8*$!
{
	archiveVersion = 1;
	classes = {
	};
	objectVersion = 56;
	objects = {

/* Begin PBXBuildFile section */
		604692E02A37B99700E4F1F9 /* SignedInHomeView_UITest.swift in Sources */ = {isa = PBXBuildFile; fileRef = 604692DF2A37B99700E4F1F9 /* SignedInHomeView_UITest.swift */; };
		6067FC7D2A36390500B9467D /* UITestingApp.swift in Sources */ = {isa = PBXBuildFile; fileRef = 6067FC7C2A36390500B9467D /* UITestingApp.swift */; };
		6067FC7F2A36390500B9467D /* ContentView.swift in Sources */ = {isa = PBXBuildFile; fileRef = 6067FC7E2A36390500B9467D /* ContentView.swift */; };
		6067FC812A36390700B9467D /* Assets.xcassets in Resources */ = {isa = PBXBuildFile; fileRef = 6067FC802A36390700B9467D /* Assets.xcassets */; };
		6067FC842A36390700B9467D /* Preview Assets.xcassets in Resources */ = {isa = PBXBuildFile; fileRef = 6067FC832A36390700B9467D /* Preview Assets.xcassets */; };
		6067FC8C2A36399E00B9467D /* UITestingBootcampView.swift in Sources */ = {isa = PBXBuildFile; fileRef = 6067FC8B2A36399E00B9467D /* UITestingBootcampView.swift */; };
		6067FC8F2A363AB300B9467D /* UITestingBootcampVM.swift in Sources */ = {isa = PBXBuildFile; fileRef = 6067FC8E2A363AB300B9467D /* UITestingBootcampVM.swift */; };
		6067FC912A36428000B9467D /* SignedInHomeView.swift in Sources */ = {isa = PBXBuildFile; fileRef = 6067FC902A36428000B9467D /* SignedInHomeView.swift */; };
		6067FC9B2A36471200B9467D /* UITesting_UITestsLaunchTests.swift in Sources */ = {isa = PBXBuildFile; fileRef = 6067FC9A2A36471200B9467D /* UITesting_UITestsLaunchTests.swift */; };
		6067FCA22A36486300B9467D /* UITestingBootcampView_UITest.swift in Sources */ = {isa = PBXBuildFile; fileRef = 6067FCA12A36486300B9467D /* UITestingBootcampView_UITest.swift */; };
/* End PBXBuildFile section */

/* Begin PBXContainerItemProxy section */
		6067FC9C2A36471200B9467D /* PBXContainerItemProxy */ = {
			isa = PBXContainerItemProxy;
			containerPortal = 6067FC712A36390500B9467D /* Project object */;
			proxyType = 1;
			remoteGlobalIDString = 6067FC782A36390500B9467D;
			remoteInfo = UITesting;
		};
/* End PBXContainerItemProxy section */

/* Begin PBXFileReference section */
		604692DF2A37B99700E4F1F9 /* SignedInHomeView_UITest.swift */ = {isa = PBXFileReference; lastKnownFileType = sourcecode.swift; path = SignedInHomeView_UITest.swift; sourceTree = "<group>"; };
		6067FC792A36390500B9467D /* UITesting.app */ = {isa = PBXFileReference; explicitFileType = wrapper.application; includeInIndex = 0; path = UITesting.app; sourceTree = BUILT_PRODUCTS_DIR; };
		6067FC7C2A36390500B9467D /* UITestingApp.swift */ = {isa = PBXFileReference; lastKnownFileType = sourcecode.swift; path = UITestingApp.swift; sourceTree = "<group>"; };
		6067FC7E2A36390500B9467D /* ContentView.swift */ = {isa = PBXFileReference; lastKnownFileType = sourcecode.swift; path = ContentView.swift; sourceTree = "<group>"; };
		6067FC802A36390700B9467D /* Assets.xcassets */ = {isa = PBXFileReference; lastKnownFileType = folder.assetcatalog; path = Assets.xcassets; sourceTree = "<group>"; };
		6067FC832A36390700B9467D /* Preview Assets.xcassets */ = {isa = PBXFileReference; lastKnownFileType = folder.assetcatalog; path = "Preview Assets.xcassets"; sourceTree = "<group>"; };
		6067FC8B2A36399E00B9467D /* UITestingBootcampView.swift */ = {isa = PBXFileReference; lastKnownFileType = sourcecode.swift; path = UITestingBootcampView.swift; sourceTree = "<group>"; };
		6067FC8E2A363AB300B9467D /* UITestingBootcampVM.swift */ = {isa = PBXFileReference; lastKnownFileType = sourcecode.swift; path = UITestingBootcampVM.swift; sourceTree = "<group>"; };
		6067FC902A36428000B9467D /* SignedInHomeView.swift */ = {isa = PBXFileReference; lastKnownFileType = sourcecode.swift; path = SignedInHomeView.swift; sourceTree = "<group>"; };
		6067FC962A36471200B9467D /* UITesting_UITests.xctest */ = {isa = PBXFileReference; explicitFileType = wrapper.cfbundle; includeInIndex = 0; path = UITesting_UITests.xctest; sourceTree = BUILT_PRODUCTS_DIR; };
		6067FC9A2A36471200B9467D /* UITesting_UITestsLaunchTests.swift */ = {isa = PBXFileReference; lastKnownFileType = sourcecode.swift; path = UITesting_UITestsLaunchTests.swift; sourceTree = "<group>"; };
		6067FCA12A36486300B9467D /* UITestingBootcampView_UITest.swift */ = {isa = PBXFileReference; lastKnownFileType = sourcecode.swift; path = UITestingBootcampView_UITest.swift; sourceTree = "<group>"; };
/* End PBXFileReference section */

/* Begin PBXFrameworksBuildPhase section */
		6067FC762A36390500B9467D /* Frameworks */ = {
			isa = PBXFrameworksBuildPhase;
			buildActionMask = 2147483647;
			files = (
			);
			runOnlyForDeploymentPostprocessing = 0;
		};
		6067FC932A36471200B9467D /* Frameworks */ = {
			isa = PBXFrameworksBuildPhase;
			buildActionMask = 2147483647;
			files = (
			);
			runOnlyForDeploymentPostprocessing = 0;
		};
/* End PBXFrameworksBuildPhase section */

/* Begin PBXGroup section */
		6067FC702A36390500B9467D = {
			isa = PBXGroup;
			children = (
				6067FC7B2A36390500B9467D /* UITesting */,
				6067FC972A36471200B9467D /* UITesting_UITests */,
				6067FC7A2A36390500B9467D /* Products */,
			);
			sourceTree = "<group>";
		};
		6067FC7A2A36390500B9467D /* Products */ = {
			isa = PBXGroup;
			children = (
				6067FC792A36390500B9467D /* UITesting.app */,
				6067FC962A36471200B9467D /* UITesting_UITests.xctest */,
			);
			name = Products;
			sourceTree = "<group>";
		};
		6067FC7B2A36390500B9467D /* UITesting */ = {
			isa = PBXGroup;
			children = (
				6067FC8D2A363A8C00B9467D /* ViewModels */,
				6067FC8A2A36398A00B9467D /* Views */,
				6067FC7C2A36390500B9467D /* UITestingApp.swift */,
				6067FC7E2A36390500B9467D /* ContentView.swift */,
				6067FC802A36390700B9467D /* Assets.xcassets */,
				6067FC822A36390700B9467D /* Preview Content */,
			);
			path = UITesting;
			sourceTree = "<group>";
		};
		6067FC822A36390700B9467D /* Preview Content */ = {
			isa = PBXGroup;
			children = (
				6067FC832A36390700B9467D /* Preview Assets.xcassets */,
			);
			path = "Preview Content";
			sourceTree = "<group>";
		};
		6067FC8A2A36398A00B9467D /* Views */ = {
			isa = PBXGroup;
			children = (
				6067FC8B2A36399E00B9467D /* UITestingBootcampView.swift */,
				6067FC902A36428000B9467D /* SignedInHomeView.swift */,
			);
			path = Views;
			sourceTree = "<group>";
		};
		6067FC8D2A363A8C00B9467D /* ViewModels */ = {
			isa = PBXGroup;
			children = (
				6067FC8E2A363AB300B9467D /* UITestingBootcampVM.swift */,
			);
			path = ViewModels;
			sourceTree = "<group>";
		};
		6067FC972A36471200B9467D /* UITesting_UITests */ = {
			isa = PBXGroup;
			children = (
				6067FC9A2A36471200B9467D /* UITesting_UITestsLaunchTests.swift */,
				6067FCA12A36486300B9467D /* UITestingBootcampView_UITest.swift */,
				604692DF2A37B99700E4F1F9 /* SignedInHomeView_UITest.swift */,
			);
			path = UITesting_UITests;
			sourceTree = "<group>";
		};
/* End PBXGroup section */

/* Begin PBXNativeTarget section */
		6067FC782A36390500B9467D /* UITesting */ = {
			isa = PBXNativeTarget;
			buildConfigurationList = 6067FC872A36390700B9467D /* Build configuration list for PBXNativeTarget "UITesting" */;
			buildPhases = (
				6067FC752A36390500B9467D /* Sources */,
				6067FC762A36390500B9467D /* Frameworks */,
				6067FC772A36390500B9467D /* Resources */,
			);
			buildRules = (
			);
			dependencies = (
			);
			name = UITesting;
			productName = UITesting;
			productReference = 6067FC792A36390500B9467D /* UITesting.app */;
			productType = "com.apple.product-type.application";
		};
		6067FC952A36471200B9467D /* UITesting_UITests */ = {
			isa = PBXNativeTarget;
			buildConfigurationList = 6067FC9E2A36471200B9467D /* Build configuration list for PBXNativeTarget "UITesting_UITests" */;
			buildPhases = (
				6067FC922A36471200B9467D /* Sources */,
				6067FC932A36471200B9467D /* Frameworks */,
				6067FC942A36471200B9467D /* Resources */,
			);
			buildRules = (
			);
			dependencies = (
				6067FC9D2A36471200B9467D /* PBXTargetDependency */,
			);
			name = UITesting_UITests;
			productName = UITesting_UITests;
			productReference = 6067FC962A36471200B9467D /* UITesting_UITests.xctest */;
			productType = "com.apple.product-type.bundle.ui-testing";
		};
/* End PBXNativeTarget section */

/* Begin PBXProject section */
		6067FC712A36390500B9467D /* Project object */ = {
			isa = PBXProject;
			attributes = {
				BuildIndependentTargetsInParallel = 1;
				LastSwiftUpdateCheck = 1430;
				LastUpgradeCheck = 1430;
				TargetAttributes = {
					6067FC782A36390500B9467D = {
						CreatedOnToolsVersion = 14.3;
					};
					6067FC952A36471200B9467D = {
						CreatedOnToolsVersion = 14.3;
						TestTargetID = 6067FC782A36390500B9467D;
					};
				};
			};
			buildConfigurationList = 6067FC742A36390500B9467D /* Build configuration list for PBXProject "UITesting" */;
			compatibilityVersion = "Xcode 14.0";
			developmentRegion = en;
			hasScannedForEncodings = 0;
			knownRegions = (
				en,
				Base,
			);
			mainGroup = 6067FC702A36390500B9467D;
			productRefGroup = 6067FC7A2A36390500B9467D /* Products */;
			projectDirPath = "";
			projectRoot = "";
			targets = (
				6067FC782A36390500B9467D /* UITesting */,
				6067FC952A36471200B9467D /* UITesting_UITests */,
			);
		};
/* End PBXProject section */

/* Begin PBXResourcesBuildPhase section */
		6067FC772A36390500B9467D /* Resources */ = {
			isa = PBXResourcesBuildPhase;
			buildActionMask = 2147483647;
			files = (
				6067FC842A36390700B9467D /* Preview Assets.xcassets in Resources */,
				6067FC812A36390700B9467D /* Assets.xcassets in Resources */,
			);
			runOnlyForDeploymentPostprocessing = 0;
		};
		6067FC942A36471200B9467D /* Resources */ = {
			isa = PBXResourcesBuildPhase;
			buildActionMask = 2147483647;
			files = (
			);
			runOnlyForDeploymentPostprocessing = 0;
		};
/* End PBXResourcesBuildPhase section */

/* Begin PBXSourcesBuildPhase section */
		6067FC752A36390500B9467D /* Sources */ = {
			isa = PBXSourcesBuildPhase;
			buildActionMask = 2147483647;
			files = (
				6067FC8F2A363AB300B9467D /* UITestingBootcampVM.swift in Sources */,
				6067FC8C2A36399E00B9467D /* UITestingBootcampView.swift in Sources */,
				6067FC912A36428000B9467D /* SignedInHomeView.swift in Sources */,
				6067FC7F2A36390500B9467D /* ContentView.swift in Sources */,
				6067FC7D2A36390500B9467D /* UITestingApp.swift in Sources */,
			);
			runOnlyForDeploymentPostprocessing = 0;
		};
		6067FC922A36471200B9467D /* Sources */ = {
			isa = PBXSourcesBuildPhase;
			buildActionMask = 2147483647;
			files = (
				6067FCA22A36486300B9467D /* UITestingBootcampView_UITest.swift in Sources */,
				604692E02A37B99700E4F1F9 /* SignedInHomeView_UITest.swift in Sources */,
				6067FC9B2A36471200B9467D /* UITesting_UITestsLaunchTests.swift in Sources */,
			);
			runOnlyForDeploymentPostprocessing = 0;
		};
/* End PBXSourcesBuildPhase section */

/* Begin PBXTargetDependency section */
		6067FC9D2A36471200B9467D /* PBXTargetDependency */ = {
			isa = PBXTargetDependency;
			target = 6067FC782A36390500B9467D /* UITesting */;
			targetProxy = 6067FC9C2A36471200B9467D /* PBXContainerItemProxy */;
		};
/* End PBXTargetDependency section */

/* Begin XCBuildConfiguration section */
		6067FC852A36390700B9467D /* Debug */ = {
			isa = XCBuildConfiguration;
			buildSettings = {
				ALWAYS_SEARCH_USER_PATHS = NO;
				CLANG_ANALYZER_NONNULL = YES;
				CLANG_ANALYZER_NUMBER_OBJECT_CONVERSION = YES_AGGRESSIVE;
				CLANG_CXX_LANGUAGE_STANDARD = "gnu++20";
				CLANG_ENABLE_MODULES = YES;
				CLANG_ENABLE_OBJC_ARC = YES;
				CLANG_ENABLE_OBJC_WEAK = YES;
				CLANG_WARN_BLOCK_CAPTURE_AUTORELEASING = YES;
				CLANG_WARN_BOOL_CONVERSION = YES;
				CLANG_WARN_COMMA = YES;
				CLANG_WARN_CONSTANT_CONVERSION = YES;
				CLANG_WARN_DEPRECATED_OBJC_IMPLEMENTATIONS = YES;
				CLANG_WARN_DIRECT_OBJC_ISA_USAGE = YES_ERROR;
				CLANG_WARN_DOCUMENTATION_COMMENTS = YES;
				CLANG_WARN_EMPTY_BODY = YES;
				CLANG_WARN_ENUM_CONVERSION = YES;
				CLANG_WARN_INFINITE_RECURSION = YES;
				CLANG_WARN_INT_CONVERSION = YES;
				CLANG_WARN_NON_LITERAL_NULL_CONVERSION = YES;
				CLANG_WARN_OBJC_IMPLICIT_RETAIN_SELF = YES;
				CLANG_WARN_OBJC_LITERAL_CONVERSION = YES;
				CLANG_WARN_OBJC_ROOT_CLASS = YES_ERROR;
				CLANG_WARN_QUOTED_INCLUDE_IN_FRAMEWORK_HEADER = YES;
				CLANG_WARN_RANGE_LOOP_ANALYSIS = YES;
				CLANG_WARN_STRICT_PROTOTYPES = YES;
				CLANG_WARN_SUSPICIOUS_MOVE = YES;
				CLANG_WARN_UNGUARDED_AVAILABILITY = YES_AGGRESSIVE;
				CLANG_WARN_UNREACHABLE_CODE = YES;
				CLANG_WARN__DUPLICATE_METHOD_MATCH = YES;
				COPY_PHASE_STRIP = NO;
				DEBUG_INFORMATION_FORMAT = dwarf;
				ENABLE_STRICT_OBJC_MSGSEND = YES;
				ENABLE_TESTABILITY = YES;
				GCC_C_LANGUAGE_STANDARD = gnu11;
				GCC_DYNAMIC_NO_PIC = NO;
				GCC_NO_COMMON_BLOCKS = YES;
				GCC_OPTIMIZATION_LEVEL = 0;
				GCC_PREPROCESSOR_DEFINITIONS = (
					"DEBUG=1",
					"$(inherited)",
				);
				GCC_WARN_64_TO_32_BIT_CONVERSION = YES;
				GCC_WARN_ABOUT_RETURN_TYPE = YES_ERROR;
				GCC_WARN_UNDECLARED_SELECTOR = YES;
				GCC_WARN_UNINITIALIZED_AUTOS = YES_AGGRESSIVE;
				GCC_WARN_UNUSED_FUNCTION = YES;
				GCC_WARN_UNUSED_VARIABLE = YES;
				IPHONEOS_DEPLOYMENT_TARGET = 16.4;
				MTL_ENABLE_DEBUG_INFO = INCLUDE_SOURCE;
				MTL_FAST_MATH = YES;
				ONLY_ACTIVE_ARCH = YES;
				SDKROOT = iphoneos;
				SWIFT_ACTIVE_COMPILATION_CONDITIONS = DEBUG;
				SWIFT_OPTIMIZATION_LEVEL = "-Onone";
			};
			name = Debug;
		};
		6067FC862A36390700B9467D /* Release */ = {
			isa = XCBuildConfiguration;
			buildSettings = {
				ALWAYS_SEARCH_USER_PATHS = NO;
				CLANG_ANALYZER_NONNULL = YES;
				CLANG_ANALYZER_NUMBER_OBJECT_CONVERSION = YES_AGGRESSIVE;
				CLANG_CXX_LANGUAGE_STANDARD = "gnu++20";
				CLANG_ENABLE_MODULES = YES;
				CLANG_ENABLE_OBJC_ARC = YES;
				CLANG_ENABLE_OBJC_WEAK = YES;
				CLANG_WARN_BLOCK_CAPTURE_AUTORELEASING = YES;
				CLANG_WARN_BOOL_CONVERSION = YES;
				CLANG_WARN_COMMA = YES;
				CLANG_WARN_CONSTANT_CONVERSION = YES;
				CLANG_WARN_DEPRECATED_OBJC_IMPLEMENTATIONS = YES;
				CLANG_WARN_DIRECT_OBJC_ISA_USAGE = YES_ERROR;
				CLANG_WARN_DOCUMENTATION_COMMENTS = YES;
				CLANG_WARN_EMPTY_BODY = YES;
				CLANG_WARN_ENUM_CONVERSION = YES;
				CLANG_WARN_INFINITE_RECURSION = YES;
				CLANG_WARN_INT_CONVERSION = YES;
				CLANG_WARN_NON_LITERAL_NULL_CONVERSION = YES;
				CLANG_WARN_OBJC_IMPLICIT_RETAIN_SELF = YES;
				CLANG_WARN_OBJC_LITERAL_CONVERSION = YES;
				CLANG_WARN_OBJC_ROOT_CLASS = YES_ERROR;
				CLANG_WARN_QUOTED_INCLUDE_IN_FRAMEWORK_HEADER = YES;
				CLANG_WARN_RANGE_LOOP_ANALYSIS = YES;
				CLANG_WARN_STRICT_PROTOTYPES = YES;
				CLANG_WARN_SUSPICIOUS_MOVE = YES;
				CLANG_WARN_UNGUARDED_AVAILABILITY = YES_AGGRESSIVE;
				CLANG_WARN_UNREACHABLE_CODE = YES;
				CLANG_WARN__DUPLICATE_METHOD_MATCH = YES;
				COPY_PHASE_STRIP = NO;
				DEBUG_INFORMATION_FORMAT = "dwarf-with-dsym";
				ENABLE_NS_ASSERTIONS = NO;
				ENABLE_STRICT_OBJC_MSGSEND = YES;
				GCC_C_LANGUAGE_STANDARD = gnu11;
				GCC_NO_COMMON_BLOCKS = YES;
				GCC_WARN_64_TO_32_BIT_CONVERSION = YES;
				GCC_WARN_ABOUT_RETURN_TYPE = YES_ERROR;
				GCC_WARN_UNDECLARED_SELECTOR = YES;
				GCC_WARN_UNINITIALIZED_AUTOS = YES_AGGRESSIVE;
				GCC_WARN_UNUSED_FUNCTION = YES;
				GCC_WARN_UNUSED_VARIABLE = YES;
				IPHONEOS_DEPLOYMENT_TARGET = 16.4;
				MTL_ENABLE_DEBUG_INFO = NO;
				MTL_FAST_MATH = YES;
				SDKROOT = iphoneos;
				SWIFT_COMPILATION_MODE = wholemodule;
				SWIFT_OPTIMIZATION_LEVEL = "-O";
				VALIDATE_PRODUCT = YES;
			};
			name = Release;
		};
		6067FC882A36390700B9467D /* Debug */ = {
			isa = XCBuildConfiguration;
			buildSettings = {
				ASSETCATALOG_COMPILER_APPICON_NAME = AppIcon;
				ASSETCATALOG_COMPILER_GLOBAL_ACCENT_COLOR_NAME = AccentColor;
				CODE_SIGN_STYLE = Automatic;
				CURRENT_PROJECT_VERSION = 1;
				DEVELOPMENT_ASSET_PATHS = "\"UITesting/Preview Content\"";
				DEVELOPMENT_TEAM = U3LRV99U6L;
				ENABLE_PREVIEWS = YES;
				GENERATE_INFOPLIST_FILE = YES;
				INFOPLIST_KEY_UIApplicationSceneManifest_Generation = YES;
				INFOPLIST_KEY_UIApplicationSupportsIndirectInputEvents = YES;
				INFOPLIST_KEY_UILaunchScreen_Generation = YES;
				INFOPLIST_KEY_UISupportedInterfaceOrientations_iPad = "UIInterfaceOrientationPortrait UIInterfaceOrientationPortraitUpsideDown UIInterfaceOrientationLandscapeLeft UIInterfaceOrientationLandscapeRight";
				INFOPLIST_KEY_UISupportedInterfaceOrientations_iPhone = "UIInterfaceOrientationPortrait UIInterfaceOrientationLandscapeLeft UIInterfaceOrientationLandscapeRight";
				LD_RUNPATH_SEARCH_PATHS = (
					"$(inherited)",
					"@executable_path/Frameworks",
				);
				MARKETING_VERSION = 1.0;
				PRODUCT_BUNDLE_IDENTIFIER = com.kzk.UITesting;
				PRODUCT_NAME = "$(TARGET_NAME)";
				SWIFT_EMIT_LOC_STRINGS = YES;
				SWIFT_VERSION = 5.0;
				TARGETED_DEVICE_FAMILY = "1,2";
			};
			name = Debug;
		};
		6067FC892A36390700B9467D /* Release */ = {
			isa = XCBuildConfiguration;
			buildSettings = {
				ASSETCATALOG_COMPILER_APPICON_NAME = AppIcon;
				ASSETCATALOG_COMPILER_GLOBAL_ACCENT_COLOR_NAME = AccentColor;
				CODE_SIGN_STYLE = Automatic;
				CURRENT_PROJECT_VERSION = 1;
				DEVELOPMENT_ASSET_PATHS = "\"UITesting/Preview Content\"";
				DEVELOPMENT_TEAM = U3LRV99U6L;
				ENABLE_PREVIEWS = YES;
				GENERATE_INFOPLIST_FILE = YES;
				INFOPLIST_KEY_UIApplicationSceneManifest_Generation = YES;
				INFOPLIST_KEY_UIApplicationSupportsIndirectInputEvents = YES;
				INFOPLIST_KEY_UILaunchScreen_Generation = YES;
				INFOPLIST_KEY_UISupportedInterfaceOrientations_iPad = "UIInterfaceOrientationPortrait UIInterfaceOrientationPortraitUpsideDown UIInterfaceOrientationLandscapeLeft UIInterfaceOrientationLandscapeRight";
				INFOPLIST_KEY_UISupportedInterfaceOrientations_iPhone = "UIInterfaceOrientationPortrait UIInterfaceOrientationLandscapeLeft UIInterfaceOrientationLandscapeRight";
				LD_RUNPATH_SEARCH_PATHS = (
					"$(inherited)",
					"@executable_path/Frameworks",
				);
				MARKETING_VERSION = 1.0;
				PRODUCT_BUNDLE_IDENTIFIER = com.kzk.UITesting;
				PRODUCT_NAME = "$(TARGET_NAME)";
				SWIFT_EMIT_LOC_STRINGS = YES;
				SWIFT_VERSION = 5.0;
				TARGETED_DEVICE_FAMILY = "1,2";
			};
			name = Release;
		};
		6067FC9F2A36471200B9467D /* Debug */ = {
			isa = XCBuildConfiguration;
			buildSettings = {
				CODE_SIGN_STYLE = Automatic;
				CURRENT_PROJECT_VERSION = 1;
				DEVELOPMENT_TEAM = U3LRV99U6L;
				GENERATE_INFOPLIST_FILE = YES;
				MARKETING_VERSION = 1.0;
				PRODUCT_BUNDLE_IDENTIFIER = "com.kzk.UITesting-UITests";
				PRODUCT_NAME = "$(TARGET_NAME)";
				SWIFT_EMIT_LOC_STRINGS = NO;
				SWIFT_VERSION = 5.0;
				TARGETED_DEVICE_FAMILY = "1,2";
				TEST_TARGET_NAME = UITesting;
			};
			name = Debug;
		};
		6067FCA02A36471200B9467D /* Release */ = {
			isa = XCBuildConfiguration;
			buildSettings = {
				CODE_SIGN_STYLE = Automatic;
				CURRENT_PROJECT_VERSION = 1;
				DEVELOPMENT_TEAM = U3LRV99U6L;
				GENERATE_INFOPLIST_FILE = YES;
				MARKETING_VERSION = 1.0;
				PRODUCT_BUNDLE_IDENTIFIER = "com.kzk.UITesting-UITests";
				PRODUCT_NAME = "$(TARGET_NAME)";
				SWIFT_EMIT_LOC_STRINGS = NO;
				SWIFT_VERSION = 5.0;
				TARGETED_DEVICE_FAMILY = "1,2";
				TEST_TARGET_NAME = UITesting;
			};
			name = Release;
		};
/* End XCBuildConfiguration section */

/* Begin XCConfigurationList section */
		6067FC742A36390500B9467D /* Build configuration list for PBXProject "UITesting" */ = {
			isa = XCConfigurationList;
			buildConfigurations = (
				6067FC852A36390700B9467D /* Debug */,
				6067FC862A36390700B9467D /* Release */,
			);
			defaultConfigurationIsVisible = 0;
			defaultConfigurationName = Release;
		};
		6067FC872A36390700B9467D /* Build configuration list for PBXNativeTarget "UITesting" */ = {
			isa = XCConfigurationList;
			buildConfigurations = (
				6067FC882A36390700B9467D /* Debug */,
				6067FC892A36390700B9467D /* Release */,
			);
			defaultConfigurationIsVisible = 0;
			defaultConfigurationName = Release;
		};
		6067FC9E2A36471200B9467D /* Build configuration list for PBXNativeTarget "UITesting_UITests" */ = {
			isa = XCConfigurationList;
			buildConfigurations = (
				6067FC9F2A36471200B9467D /* Debug */,
				6067FCA02A36471200B9467D /* Release */,
			);
			defaultConfigurationIsVisible = 0;
			defaultConfigurationName = Release;
		};
/* End XCConfigurationList section */
	};
	rootObject = 6067FC712A36390500B9467D /* Project object */;
}
